version: 1.0
shards:
  db:
    github: crystal-lang/crystal-db
    version: 0.2.2

  kemal:
    github: kemalcr/kemal
    commit: ac8ec0a07b5929dc1656006a135e08a2a2732f5e

  kilt:
    github: jeromegn/kilt
    version: 0.3.3

  multipart:
    github: RX14/multipart.cr
    version: 0.1.1

  mysql:
    github: crystal-lang/crystal-mysql
    version: 0.2.2

  pg:
    github: will/crystal-pg
    version: 0.12.0

  radix:
    github: luislavena/radix
    version: 0.3.5

  singleton:
    github: topaz-crystal/crystal-singleton
    version: 0.0.3

  sqlite3:
    github: crystal-lang/crystal-sqlite3
    version: 0.7.0

  topaz:
    github: topaz-crystal/topaz
    commit: 44774216a09085cf012626e5c203309fb286d4d2

